// !$*UTF8*$!
{
	archiveVersion = 1;
	classes = {
	};
	objectVersion = 50;
	objects = {

/* Begin PBXBuildFile section */
		1174E24E2192C17300D78F38 /* AppDelegate.swift in Sources */ = {isa = PBXBuildFile; fileRef = 1174E24D2192C17300D78F38 /* AppDelegate.swift */; };
		1174E2502192C17300D78F38 /* ViewController.swift in Sources */ = {isa = PBXBuildFile; fileRef = 1174E24F2192C17300D78F38 /* ViewController.swift */; };
		1174E2532192C17300D78F38 /* Main.storyboard in Resources */ = {isa = PBXBuildFile; fileRef = 1174E2512192C17300D78F38 /* Main.storyboard */; };
		1174E2562192C17300D78F38 /* weighter.xcdatamodeld in Sources */ = {isa = PBXBuildFile; fileRef = 1174E2542192C17300D78F38 /* weighter.xcdatamodeld */; };
		1174E2582192C17600D78F38 /* Assets.xcassets in Resources */ = {isa = PBXBuildFile; fileRef = 1174E2572192C17600D78F38 /* Assets.xcassets */; };
		1174E25B2192C17600D78F38 /* LaunchScreen.storyboard in Resources */ = {isa = PBXBuildFile; fileRef = 1174E2592192C17600D78F38 /* LaunchScreen.storyboard */; };
		1174E2662192C17600D78F38 /* weighterTests.swift in Sources */ = {isa = PBXBuildFile; fileRef = 1174E2652192C17600D78F38 /* weighterTests.swift */; };
		1174E2712192C17600D78F38 /* weighterUITests.swift in Sources */ = {isa = PBXBuildFile; fileRef = 1174E2702192C17600D78F38 /* weighterUITests.swift */; };
		11D06D202192C63C002ADFE9 /* GoogleService-Info.plist in Resources */ = {isa = PBXBuildFile; fileRef = 11D06D1F2192C63C002ADFE9 /* GoogleService-Info.plist */; };
		1AD9AE55D2D0F6D08A7B9D6C /* Pods_weighter.framework in Frameworks */ = {isa = PBXBuildFile; fileRef = FDA3DFEFDE69A1214F030354 /* Pods_weighter.framework */; };
		3FC20BDBB92FD03778353791 /* Pods_weighterTests.framework in Frameworks */ = {isa = PBXBuildFile; fileRef = B73A00421644E52D08778048 /* Pods_weighterTests.framework */; };
		E7AC31EBD61F5F8B74CF4E2D /* Pods_weighterUITests.framework in Frameworks */ = {isa = PBXBuildFile; fileRef = FA1733246D71057C66C2B57C /* Pods_weighterUITests.framework */; };
/* End PBXBuildFile section */

/* Begin PBXContainerItemProxy section */
		1174E2622192C17600D78F38 /* PBXContainerItemProxy */ = {
			isa = PBXContainerItemProxy;
			containerPortal = 1174E2422192C17300D78F38 /* Project object */;
			proxyType = 1;
			remoteGlobalIDString = 1174E2492192C17300D78F38;
			remoteInfo = weighter;
		};
		1174E26D2192C17600D78F38 /* PBXContainerItemProxy */ = {
			isa = PBXContainerItemProxy;
			containerPortal = 1174E2422192C17300D78F38 /* Project object */;
			proxyType = 1;
			remoteGlobalIDString = 1174E2492192C17300D78F38;
			remoteInfo = weighter;
		};
/* End PBXContainerItemProxy section */

/* Begin PBXFileReference section */
		1174E24A2192C17300D78F38 /* weighter.app */ = {isa = PBXFileReference; explicitFileType = wrapper.application; includeInIndex = 0; path = weighter.app; sourceTree = BUILT_PRODUCTS_DIR; };
		1174E24D2192C17300D78F38 /* AppDelegate.swift */ = {isa = PBXFileReference; lastKnownFileType = sourcecode.swift; path = AppDelegate.swift; sourceTree = "<group>"; };
		1174E24F2192C17300D78F38 /* ViewController.swift */ = {isa = PBXFileReference; lastKnownFileType = sourcecode.swift; path = ViewController.swift; sourceTree = "<group>"; };
		1174E2522192C17300D78F38 /* Base */ = {isa = PBXFileReference; lastKnownFileType = file.storyboard; name = Base; path = Base.lproj/Main.storyboard; sourceTree = "<group>"; };
		1174E2552192C17300D78F38 /* weighter.xcdatamodel */ = {isa = PBXFileReference; lastKnownFileType = wrapper.xcdatamodel; path = weighter.xcdatamodel; sourceTree = "<group>"; };
		1174E2572192C17600D78F38 /* Assets.xcassets */ = {isa = PBXFileReference; lastKnownFileType = folder.assetcatalog; path = Assets.xcassets; sourceTree = "<group>"; };
		1174E25A2192C17600D78F38 /* Base */ = {isa = PBXFileReference; lastKnownFileType = file.storyboard; name = Base; path = Base.lproj/LaunchScreen.storyboard; sourceTree = "<group>"; };
		1174E25C2192C17600D78F38 /* Info.plist */ = {isa = PBXFileReference; lastKnownFileType = text.plist.xml; path = Info.plist; sourceTree = "<group>"; };
		1174E2612192C17600D78F38 /* weighterTests.xctest */ = {isa = PBXFileReference; explicitFileType = wrapper.cfbundle; includeInIndex = 0; path = weighterTests.xctest; sourceTree = BUILT_PRODUCTS_DIR; };
		1174E2652192C17600D78F38 /* weighterTests.swift */ = {isa = PBXFileReference; lastKnownFileType = sourcecode.swift; path = weighterTests.swift; sourceTree = "<group>"; };
		1174E2672192C17600D78F38 /* Info.plist */ = {isa = PBXFileReference; lastKnownFileType = text.plist.xml; path = Info.plist; sourceTree = "<group>"; };
		1174E26C2192C17600D78F38 /* weighterUITests.xctest */ = {isa = PBXFileReference; explicitFileType = wrapper.cfbundle; includeInIndex = 0; path = weighterUITests.xctest; sourceTree = BUILT_PRODUCTS_DIR; };
		1174E2702192C17600D78F38 /* weighterUITests.swift */ = {isa = PBXFileReference; lastKnownFileType = sourcecode.swift; path = weighterUITests.swift; sourceTree = "<group>"; };
		1174E2722192C17600D78F38 /* Info.plist */ = {isa = PBXFileReference; lastKnownFileType = text.plist.xml; path = Info.plist; sourceTree = "<group>"; };
		11D06D1F2192C63C002ADFE9 /* GoogleService-Info.plist */ = {isa = PBXFileReference; fileEncoding = 4; lastKnownFileType = text.plist.xml; path = "GoogleService-Info.plist"; sourceTree = "<group>"; };
		15DB9920934D8DB55C41B11B /* Pods-weighterTests.debug.xcconfig */ = {isa = PBXFileReference; includeInIndex = 1; lastKnownFileType = text.xcconfig; name = "Pods-weighterTests.debug.xcconfig"; path = "Pods/Target Support Files/Pods-weighterTests/Pods-weighterTests.debug.xcconfig"; sourceTree = "<group>"; };
		160C391E4BD721545EEECF1E /* Pods-weighterTests.release.xcconfig */ = {isa = PBXFileReference; includeInIndex = 1; lastKnownFileType = text.xcconfig; name = "Pods-weighterTests.release.xcconfig"; path = "Pods/Target Support Files/Pods-weighterTests/Pods-weighterTests.release.xcconfig"; sourceTree = "<group>"; };
		803EA93B8735C24E9BF6A9DC /* Pods-weighter.release.xcconfig */ = {isa = PBXFileReference; includeInIndex = 1; lastKnownFileType = text.xcconfig; name = "Pods-weighter.release.xcconfig"; path = "Pods/Target Support Files/Pods-weighter/Pods-weighter.release.xcconfig"; sourceTree = "<group>"; };
		AB1E93B43307591D3E46588D /* Pods-weighterUITests.release.xcconfig */ = {isa = PBXFileReference; includeInIndex = 1; lastKnownFileType = text.xcconfig; name = "Pods-weighterUITests.release.xcconfig"; path = "Pods/Target Support Files/Pods-weighterUITests/Pods-weighterUITests.release.xcconfig"; sourceTree = "<group>"; };
		B73A00421644E52D08778048 /* Pods_weighterTests.framework */ = {isa = PBXFileReference; explicitFileType = wrapper.framework; includeInIndex = 0; path = Pods_weighterTests.framework; sourceTree = BUILT_PRODUCTS_DIR; };
		C0D80C5A7A24DD70B7740D13 /* Pods-weighterUITests.debug.xcconfig */ = {isa = PBXFileReference; includeInIndex = 1; lastKnownFileType = text.xcconfig; name = "Pods-weighterUITests.debug.xcconfig"; path = "Pods/Target Support Files/Pods-weighterUITests/Pods-weighterUITests.debug.xcconfig"; sourceTree = "<group>"; };
		C9ABC2D7584B5F49B0245137 /* Pods-weighter.debug.xcconfig */ = {isa = PBXFileReference; includeInIndex = 1; lastKnownFileType = text.xcconfig; name = "Pods-weighter.debug.xcconfig"; path = "Pods/Target Support Files/Pods-weighter/Pods-weighter.debug.xcconfig"; sourceTree = "<group>"; };
		FA1733246D71057C66C2B57C /* Pods_weighterUITests.framework */ = {isa = PBXFileReference; explicitFileType = wrapper.framework; includeInIndex = 0; path = Pods_weighterUITests.framework; sourceTree = BUILT_PRODUCTS_DIR; };
		FDA3DFEFDE69A1214F030354 /* Pods_weighter.framework */ = {isa = PBXFileReference; explicitFileType = wrapper.framework; includeInIndex = 0; path = Pods_weighter.framework; sourceTree = BUILT_PRODUCTS_DIR; };
/* End PBXFileReference section */

/* Begin PBXFrameworksBuildPhase section */
		1174E2472192C17300D78F38 /* Frameworks */ = {
			isa = PBXFrameworksBuildPhase;
			buildActionMask = 2147483647;
			files = (
				1AD9AE55D2D0F6D08A7B9D6C /* Pods_weighter.framework in Frameworks */,
			);
			runOnlyForDeploymentPostprocessing = 0;
		};
		1174E25E2192C17600D78F38 /* Frameworks */ = {
			isa = PBXFrameworksBuildPhase;
			buildActionMask = 2147483647;
			files = (
				3FC20BDBB92FD03778353791 /* Pods_weighterTests.framework in Frameworks */,
			);
			runOnlyForDeploymentPostprocessing = 0;
		};
		1174E2692192C17600D78F38 /* Frameworks */ = {
			isa = PBXFrameworksBuildPhase;
			buildActionMask = 2147483647;
			files = (
				E7AC31EBD61F5F8B74CF4E2D /* Pods_weighterUITests.framework in Frameworks */,
			);
			runOnlyForDeploymentPostprocessing = 0;
		};
/* End PBXFrameworksBuildPhase section */

/* Begin PBXGroup section */
		1174E2412192C17300D78F38 = {
			isa = PBXGroup;
			children = (
				1174E24C2192C17300D78F38 /* weighter */,
				1174E2642192C17600D78F38 /* weighterTests */,
				1174E26F2192C17600D78F38 /* weighterUITests */,
				1174E24B2192C17300D78F38 /* Products */,
				3694467C8C908CADCE073D0B /* Pods */,
				4DB6E36BB62C849B6C8D647D /* Frameworks */,
			);
			sourceTree = "<group>";
		};
		1174E24B2192C17300D78F38 /* Products */ = {
			isa = PBXGroup;
			children = (
				1174E24A2192C17300D78F38 /* weighter.app */,
				1174E2612192C17600D78F38 /* weighterTests.xctest */,
				1174E26C2192C17600D78F38 /* weighterUITests.xctest */,
			);
			name = Products;
			sourceTree = "<group>";
		};
		1174E24C2192C17300D78F38 /* weighter */ = {
			isa = PBXGroup;
			children = (
				1174E24D2192C17300D78F38 /* AppDelegate.swift */,
				1174E24F2192C17300D78F38 /* ViewController.swift */,
				1174E2512192C17300D78F38 /* Main.storyboard */,
				1174E2572192C17600D78F38 /* Assets.xcassets */,
				1174E2592192C17600D78F38 /* LaunchScreen.storyboard */,
				1174E25C2192C17600D78F38 /* Info.plist */,
				1174E2542192C17300D78F38 /* weighter.xcdatamodeld */,
				11D06D1F2192C63C002ADFE9 /* GoogleService-Info.plist */,
			);
			path = weighter;
			sourceTree = "<group>";
		};
		1174E2642192C17600D78F38 /* weighterTests */ = {
			isa = PBXGroup;
			children = (
				1174E2652192C17600D78F38 /* weighterTests.swift */,
				1174E2672192C17600D78F38 /* Info.plist */,
			);
			path = weighterTests;
			sourceTree = "<group>";
		};
		1174E26F2192C17600D78F38 /* weighterUITests */ = {
			isa = PBXGroup;
			children = (
				1174E2702192C17600D78F38 /* weighterUITests.swift */,
				1174E2722192C17600D78F38 /* Info.plist */,
			);
			path = weighterUITests;
			sourceTree = "<group>";
		};
		3694467C8C908CADCE073D0B /* Pods */ = {
			isa = PBXGroup;
			children = (
				C9ABC2D7584B5F49B0245137 /* Pods-weighter.debug.xcconfig */,
				803EA93B8735C24E9BF6A9DC /* Pods-weighter.release.xcconfig */,
				15DB9920934D8DB55C41B11B /* Pods-weighterTests.debug.xcconfig */,
				160C391E4BD721545EEECF1E /* Pods-weighterTests.release.xcconfig */,
				C0D80C5A7A24DD70B7740D13 /* Pods-weighterUITests.debug.xcconfig */,
				AB1E93B43307591D3E46588D /* Pods-weighterUITests.release.xcconfig */,
			);
			name = Pods;
			sourceTree = "<group>";
		};
		4DB6E36BB62C849B6C8D647D /* Frameworks */ = {
			isa = PBXGroup;
			children = (
				FDA3DFEFDE69A1214F030354 /* Pods_weighter.framework */,
				B73A00421644E52D08778048 /* Pods_weighterTests.framework */,
				FA1733246D71057C66C2B57C /* Pods_weighterUITests.framework */,
			);
			name = Frameworks;
			sourceTree = "<group>";
		};
/* End PBXGroup section */

/* Begin PBXNativeTarget section */
		1174E2492192C17300D78F38 /* weighter */ = {
			isa = PBXNativeTarget;
			buildConfigurationList = 1174E2752192C17600D78F38 /* Build configuration list for PBXNativeTarget "weighter" */;
			buildPhases = (
				67E1E61C837AF18F5CEFB251 /* [CP] Check Pods Manifest.lock */,
				1174E2462192C17300D78F38 /* Sources */,
				1174E2472192C17300D78F38 /* Frameworks */,
				1174E2482192C17300D78F38 /* Resources */,
				56F48A385F48CD2903A8196E /* [CP] Embed Pods Frameworks */,
				C140CE9BC3B84A8FD900502C /* [CP] Copy Pods Resources */,
			);
			buildRules = (
			);
			dependencies = (
			);
			name = weighter;
			productName = weighter;
			productReference = 1174E24A2192C17300D78F38 /* weighter.app */;
			productType = "com.apple.product-type.application";
		};
		1174E2602192C17600D78F38 /* weighterTests */ = {
			isa = PBXNativeTarget;
			buildConfigurationList = 1174E2782192C17600D78F38 /* Build configuration list for PBXNativeTarget "weighterTests" */;
			buildPhases = (
				79204AE5CC85E2D5F6EED86D /* [CP] Check Pods Manifest.lock */,
				1174E25D2192C17600D78F38 /* Sources */,
				1174E25E2192C17600D78F38 /* Frameworks */,
				1174E25F2192C17600D78F38 /* Resources */,
				182190745B9C524A5B9191E2 /* [CP] Embed Pods Frameworks */,
				075FAF8B0473CDFD43DD64AE /* [CP] Copy Pods Resources */,
			);
			buildRules = (
			);
			dependencies = (
				1174E2632192C17600D78F38 /* PBXTargetDependency */,
			);
			name = weighterTests;
			productName = weighterTests;
			productReference = 1174E2612192C17600D78F38 /* weighterTests.xctest */;
			productType = "com.apple.product-type.bundle.unit-test";
		};
		1174E26B2192C17600D78F38 /* weighterUITests */ = {
			isa = PBXNativeTarget;
			buildConfigurationList = 1174E27B2192C17600D78F38 /* Build configuration list for PBXNativeTarget "weighterUITests" */;
			buildPhases = (
				8A2C353EA7FEA49C3CF01200 /* [CP] Check Pods Manifest.lock */,
				1174E2682192C17600D78F38 /* Sources */,
				1174E2692192C17600D78F38 /* Frameworks */,
				1174E26A2192C17600D78F38 /* Resources */,
				3D67002F567BAE4C621BB5CB /* [CP] Embed Pods Frameworks */,
				75D373812607DC0D4B67155F /* [CP] Copy Pods Resources */,
			);
			buildRules = (
			);
			dependencies = (
				1174E26E2192C17600D78F38 /* PBXTargetDependency */,
			);
			name = weighterUITests;
			productName = weighterUITests;
			productReference = 1174E26C2192C17600D78F38 /* weighterUITests.xctest */;
			productType = "com.apple.product-type.bundle.ui-testing";
		};
/* End PBXNativeTarget section */

/* Begin PBXProject section */
		1174E2422192C17300D78F38 /* Project object */ = {
			isa = PBXProject;
			attributes = {
				LastSwiftUpdateCheck = 1000;
				LastUpgradeCheck = 1000;
				ORGANIZATIONNAME = "Liqiang Ye";
				TargetAttributes = {
					1174E2492192C17300D78F38 = {
						CreatedOnToolsVersion = 10.0;
					};
					1174E2602192C17600D78F38 = {
						CreatedOnToolsVersion = 10.0;
						TestTargetID = 1174E2492192C17300D78F38;
					};
					1174E26B2192C17600D78F38 = {
						CreatedOnToolsVersion = 10.0;
						TestTargetID = 1174E2492192C17300D78F38;
					};
				};
			};
			buildConfigurationList = 1174E2452192C17300D78F38 /* Build configuration list for PBXProject "weighter" */;
			compatibilityVersion = "Xcode 9.3";
			developmentRegion = en;
			hasScannedForEncodings = 0;
			knownRegions = (
				en,
				Base,
			);
			mainGroup = 1174E2412192C17300D78F38;
			productRefGroup = 1174E24B2192C17300D78F38 /* Products */;
			projectDirPath = "";
			projectRoot = "";
			targets = (
				1174E2492192C17300D78F38 /* weighter */,
				1174E2602192C17600D78F38 /* weighterTests */,
				1174E26B2192C17600D78F38 /* weighterUITests */,
			);
		};
/* End PBXProject section */

/* Begin PBXResourcesBuildPhase section */
		1174E2482192C17300D78F38 /* Resources */ = {
			isa = PBXResourcesBuildPhase;
			buildActionMask = 2147483647;
			files = (
				1174E25B2192C17600D78F38 /* LaunchScreen.storyboard in Resources */,
				11D06D202192C63C002ADFE9 /* GoogleService-Info.plist in Resources */,
				1174E2582192C17600D78F38 /* Assets.xcassets in Resources */,
				1174E2532192C17300D78F38 /* Main.storyboard in Resources */,
			);
			runOnlyForDeploymentPostprocessing = 0;
		};
		1174E25F2192C17600D78F38 /* Resources */ = {
			isa = PBXResourcesBuildPhase;
			buildActionMask = 2147483647;
			files = (
			);
			runOnlyForDeploymentPostprocessing = 0;
		};
		1174E26A2192C17600D78F38 /* Resources */ = {
			isa = PBXResourcesBuildPhase;
			buildActionMask = 2147483647;
			files = (
			);
			runOnlyForDeploymentPostprocessing = 0;
		};
/* End PBXResourcesBuildPhase section */

/* Begin PBXShellScriptBuildPhase section */
		075FAF8B0473CDFD43DD64AE /* [CP] Copy Pods Resources */ = {
			isa = PBXShellScriptBuildPhase;
			buildActionMask = 2147483647;
			files = (
			);
			inputPaths = (
			);
			name = "[CP] Copy Pods Resources";
			outputPaths = (
			);
			runOnlyForDeploymentPostprocessing = 0;
			shellPath = /bin/sh;
			shellScript = "\"${SRCROOT}/Pods/Target Support Files/Pods-weighterTests/Pods-weighterTests-resources.sh\"\n";
			showEnvVarsInLog = 0;
		};
		182190745B9C524A5B9191E2 /* [CP] Embed Pods Frameworks */ = {
			isa = PBXShellScriptBuildPhase;
			buildActionMask = 2147483647;
			files = (
			);
			inputPaths = (
			);
			name = "[CP] Embed Pods Frameworks";
			outputPaths = (
			);
			runOnlyForDeploymentPostprocessing = 0;
			shellPath = /bin/sh;
			shellScript = "\"${SRCROOT}/Pods/Target Support Files/Pods-weighterTests/Pods-weighterTests-frameworks.sh\"\n";
			showEnvVarsInLog = 0;
		};
		3D67002F567BAE4C621BB5CB /* [CP] Embed Pods Frameworks */ = {
			isa = PBXShellScriptBuildPhase;
			buildActionMask = 2147483647;
			files = (
			);
			inputPaths = (
			);
			name = "[CP] Embed Pods Frameworks";
			outputPaths = (
			);
			runOnlyForDeploymentPostprocessing = 0;
			shellPath = /bin/sh;
			shellScript = "\"${SRCROOT}/Pods/Target Support Files/Pods-weighterUITests/Pods-weighterUITests-frameworks.sh\"\n";
			showEnvVarsInLog = 0;
		};
		56F48A385F48CD2903A8196E /* [CP] Embed Pods Frameworks */ = {
			isa = PBXShellScriptBuildPhase;
			buildActionMask = 2147483647;
			files = (
			);
			inputPaths = (
				"${SRCROOT}/Pods/Target Support Files/Pods-weighter/Pods-weighter-frameworks.sh",
				"${BUILT_PRODUCTS_DIR}/Alamofire/Alamofire.framework",
				"${BUILT_PRODUCTS_DIR}/GTMSessionFetcher/GTMSessionFetcher.framework",
				"${BUILT_PRODUCTS_DIR}/GoogleToolboxForMac/GoogleToolboxForMac.framework",
				"${BUILT_PRODUCTS_DIR}/leveldb-library/leveldb.framework",
				"${BUILT_PRODUCTS_DIR}/lottie-ios/Lottie.framework",
				"${BUILT_PRODUCTS_DIR}/nanopb/nanopb.framework",
			);
			name = "[CP] Embed Pods Frameworks";
			outputPaths = (
				"${TARGET_BUILD_DIR}/${FRAMEWORKS_FOLDER_PATH}/Alamofire.framework",
				"${TARGET_BUILD_DIR}/${FRAMEWORKS_FOLDER_PATH}/GTMSessionFetcher.framework",
				"${TARGET_BUILD_DIR}/${FRAMEWORKS_FOLDER_PATH}/GoogleToolboxForMac.framework",
				"${TARGET_BUILD_DIR}/${FRAMEWORKS_FOLDER_PATH}/leveldb.framework",
				"${TARGET_BUILD_DIR}/${FRAMEWORKS_FOLDER_PATH}/Lottie.framework",
				"${TARGET_BUILD_DIR}/${FRAMEWORKS_FOLDER_PATH}/nanopb.framework",
			);
			runOnlyForDeploymentPostprocessing = 0;
			shellPath = /bin/sh;
			shellScript = "\"${SRCROOT}/Pods/Target Support Files/Pods-weighter/Pods-weighter-frameworks.sh\"\n";
			showEnvVarsInLog = 0;
		};
		67E1E61C837AF18F5CEFB251 /* [CP] Check Pods Manifest.lock */ = {
			isa = PBXShellScriptBuildPhase;
			buildActionMask = 2147483647;
			files = (
			);
			inputPaths = (
				"${PODS_PODFILE_DIR_PATH}/Podfile.lock",
				"${PODS_ROOT}/Manifest.lock",
			);
			name = "[CP] Check Pods Manifest.lock";
			outputPaths = (
				"$(DERIVED_FILE_DIR)/Pods-weighter-checkManifestLockResult.txt",
			);
			runOnlyForDeploymentPostprocessing = 0;
			shellPath = /bin/sh;
			shellScript = "diff \"${PODS_PODFILE_DIR_PATH}/Podfile.lock\" \"${PODS_ROOT}/Manifest.lock\" > /dev/null\nif [ $? != 0 ] ; then\n    # print error to STDERR\n    echo \"error: The sandbox is not in sync with the Podfile.lock. Run 'pod install' or update your CocoaPods installation.\" >&2\n    exit 1\nfi\n# This output is used by Xcode 'outputs' to avoid re-running this script phase.\necho \"SUCCESS\" > \"${SCRIPT_OUTPUT_FILE_0}\"\n";
			showEnvVarsInLog = 0;
		};
		75D373812607DC0D4B67155F /* [CP] Copy Pods Resources */ = {
			isa = PBXShellScriptBuildPhase;
			buildActionMask = 2147483647;
			files = (
			);
			inputPaths = (
			);
			name = "[CP] Copy Pods Resources";
			outputPaths = (
			);
			runOnlyForDeploymentPostprocessing = 0;
			shellPath = /bin/sh;
			shellScript = "\"${SRCROOT}/Pods/Target Support Files/Pods-weighterUITests/Pods-weighterUITests-resources.sh\"\n";
			showEnvVarsInLog = 0;
		};
		79204AE5CC85E2D5F6EED86D /* [CP] Check Pods Manifest.lock */ = {
			isa = PBXShellScriptBuildPhase;
			buildActionMask = 2147483647;
			files = (
			);
			inputPaths = (
				"${PODS_PODFILE_DIR_PATH}/Podfile.lock",
				"${PODS_ROOT}/Manifest.lock",
			);
			name = "[CP] Check Pods Manifest.lock";
			outputPaths = (
				"$(DERIVED_FILE_DIR)/Pods-weighterTests-checkManifestLockResult.txt",
			);
			runOnlyForDeploymentPostprocessing = 0;
			shellPath = /bin/sh;
			shellScript = "diff \"${PODS_PODFILE_DIR_PATH}/Podfile.lock\" \"${PODS_ROOT}/Manifest.lock\" > /dev/null\nif [ $? != 0 ] ; then\n    # print error to STDERR\n    echo \"error: The sandbox is not in sync with the Podfile.lock. Run 'pod install' or update your CocoaPods installation.\" >&2\n    exit 1\nfi\n# This output is used by Xcode 'outputs' to avoid re-running this script phase.\necho \"SUCCESS\" > \"${SCRIPT_OUTPUT_FILE_0}\"\n";
			showEnvVarsInLog = 0;
		};
		8A2C353EA7FEA49C3CF01200 /* [CP] Check Pods Manifest.lock */ = {
			isa = PBXShellScriptBuildPhase;
			buildActionMask = 2147483647;
			files = (
			);
			inputPaths = (
				"${PODS_PODFILE_DIR_PATH}/Podfile.lock",
				"${PODS_ROOT}/Manifest.lock",
			);
			name = "[CP] Check Pods Manifest.lock";
			outputPaths = (
				"$(DERIVED_FILE_DIR)/Pods-weighterUITests-checkManifestLockResult.txt",
			);
			runOnlyForDeploymentPostprocessing = 0;
			shellPath = /bin/sh;
			shellScript = "diff \"${PODS_PODFILE_DIR_PATH}/Podfile.lock\" \"${PODS_ROOT}/Manifest.lock\" > /dev/null\nif [ $? != 0 ] ; then\n    # print error to STDERR\n    echo \"error: The sandbox is not in sync with the Podfile.lock. Run 'pod install' or update your CocoaPods installation.\" >&2\n    exit 1\nfi\n# This output is used by Xcode 'outputs' to avoid re-running this script phase.\necho \"SUCCESS\" > \"${SCRIPT_OUTPUT_FILE_0}\"\n";
			showEnvVarsInLog = 0;
		};
		C140CE9BC3B84A8FD900502C /* [CP] Copy Pods Resources */ = {
			isa = PBXShellScriptBuildPhase;
			buildActionMask = 2147483647;
			files = (
			);
			inputPaths = (
			);
			name = "[CP] Copy Pods Resources";
			outputPaths = (
			);
			runOnlyForDeploymentPostprocessing = 0;
			shellPath = /bin/sh;
			shellScript = "\"${SRCROOT}/Pods/Target Support Files/Pods-weighter/Pods-weighter-resources.sh\"\n";
			showEnvVarsInLog = 0;
		};
/* End PBXShellScriptBuildPhase section */

/* Begin PBXSourcesBuildPhase section */
		1174E2462192C17300D78F38 /* Sources */ = {
			isa = PBXSourcesBuildPhase;
			buildActionMask = 2147483647;
			files = (
				1174E2502192C17300D78F38 /* ViewController.swift in Sources */,
				1174E24E2192C17300D78F38 /* AppDelegate.swift in Sources */,
				1174E2562192C17300D78F38 /* weighter.xcdatamodeld in Sources */,
			);
			runOnlyForDeploymentPostprocessing = 0;
		};
		1174E25D2192C17600D78F38 /* Sources */ = {
			isa = PBXSourcesBuildPhase;
			buildActionMask = 2147483647;
			files = (
				1174E2662192C17600D78F38 /* weighterTests.swift in Sources */,
			);
			runOnlyForDeploymentPostprocessing = 0;
		};
		1174E2682192C17600D78F38 /* Sources */ = {
			isa = PBXSourcesBuildPhase;
			buildActionMask = 2147483647;
			files = (
				1174E2712192C17600D78F38 /* weighterUITests.swift in Sources */,
			);
			runOnlyForDeploymentPostprocessing = 0;
		};
/* End PBXSourcesBuildPhase section */

/* Begin PBXTargetDependency section */
		1174E2632192C17600D78F38 /* PBXTargetDependency */ = {
			isa = PBXTargetDependency;
			target = 1174E2492192C17300D78F38 /* weighter */;
			targetProxy = 1174E2622192C17600D78F38 /* PBXContainerItemProxy */;
		};
		1174E26E2192C17600D78F38 /* PBXTargetDependency */ = {
			isa = PBXTargetDependency;
			target = 1174E2492192C17300D78F38 /* weighter */;
			targetProxy = 1174E26D2192C17600D78F38 /* PBXContainerItemProxy */;
		};
/* End PBXTargetDependency section */

/* Begin PBXVariantGroup section */
		1174E2512192C17300D78F38 /* Main.storyboard */ = {
			isa = PBXVariantGroup;
			children = (
				1174E2522192C17300D78F38 /* Base */,
			);
			name = Main.storyboard;
			sourceTree = "<group>";
		};
		1174E2592192C17600D78F38 /* LaunchScreen.storyboard */ = {
			isa = PBXVariantGroup;
			children = (
				1174E25A2192C17600D78F38 /* Base */,
			);
			name = LaunchScreen.storyboard;
			sourceTree = "<group>";
		};
/* End PBXVariantGroup section */

/* Begin XCBuildConfiguration section */
		1174E2732192C17600D78F38 /* Debug */ = {
			isa = XCBuildConfiguration;
			buildSettings = {
				ALWAYS_SEARCH_USER_PATHS = NO;
				CLANG_ANALYZER_NONNULL = YES;
				CLANG_ANALYZER_NUMBER_OBJECT_CONVERSION = YES_AGGRESSIVE;
				CLANG_CXX_LANGUAGE_STANDARD = "gnu++14";
				CLANG_CXX_LIBRARY = "libc++";
				CLANG_ENABLE_MODULES = YES;
				CLANG_ENABLE_OBJC_ARC = YES;
				CLANG_ENABLE_OBJC_WEAK = YES;
				CLANG_WARN_BLOCK_CAPTURE_AUTORELEASING = YES;
				CLANG_WARN_BOOL_CONVERSION = YES;
				CLANG_WARN_COMMA = YES;
				CLANG_WARN_CONSTANT_CONVERSION = YES;
				CLANG_WARN_DEPRECATED_OBJC_IMPLEMENTATIONS = YES;
				CLANG_WARN_DIRECT_OBJC_ISA_USAGE = YES_ERROR;
				CLANG_WARN_DOCUMENTATION_COMMENTS = YES;
				CLANG_WARN_EMPTY_BODY = YES;
				CLANG_WARN_ENUM_CONVERSION = YES;
				CLANG_WARN_INFINITE_RECURSION = YES;
				CLANG_WARN_INT_CONVERSION = YES;
				CLANG_WARN_NON_LITERAL_NULL_CONVERSION = YES;
				CLANG_WARN_OBJC_IMPLICIT_RETAIN_SELF = YES;
				CLANG_WARN_OBJC_LITERAL_CONVERSION = YES;
				CLANG_WARN_OBJC_ROOT_CLASS = YES_ERROR;
				CLANG_WARN_RANGE_LOOP_ANALYSIS = YES;
				CLANG_WARN_STRICT_PROTOTYPES = YES;
				CLANG_WARN_SUSPICIOUS_MOVE = YES;
				CLANG_WARN_UNGUARDED_AVAILABILITY = YES_AGGRESSIVE;
				CLANG_WARN_UNREACHABLE_CODE = YES;
				CLANG_WARN__DUPLICATE_METHOD_MATCH = YES;
				CODE_SIGN_IDENTITY = "iPhone Developer";
				COPY_PHASE_STRIP = NO;
				DEBUG_INFORMATION_FORMAT = dwarf;
				ENABLE_STRICT_OBJC_MSGSEND = YES;
				ENABLE_TESTABILITY = YES;
				GCC_C_LANGUAGE_STANDARD = gnu11;
				GCC_DYNAMIC_NO_PIC = NO;
				GCC_NO_COMMON_BLOCKS = YES;
				GCC_OPTIMIZATION_LEVEL = 0;
				GCC_PREPROCESSOR_DEFINITIONS = (
					"DEBUG=1",
					"$(inherited)",
				);
				GCC_WARN_64_TO_32_BIT_CONVERSION = YES;
				GCC_WARN_ABOUT_RETURN_TYPE = YES_ERROR;
				GCC_WARN_UNDECLARED_SELECTOR = YES;
				GCC_WARN_UNINITIALIZED_AUTOS = YES_AGGRESSIVE;
				GCC_WARN_UNUSED_FUNCTION = YES;
				GCC_WARN_UNUSED_VARIABLE = YES;
				IPHONEOS_DEPLOYMENT_TARGET = 12.0;
				MTL_ENABLE_DEBUG_INFO = INCLUDE_SOURCE;
				MTL_FAST_MATH = YES;
				ONLY_ACTIVE_ARCH = YES;
				SDKROOT = iphoneos;
				SWIFT_ACTIVE_COMPILATION_CONDITIONS = DEBUG;
				SWIFT_OPTIMIZATION_LEVEL = "-Onone";
			};
			name = Debug;
		};
		1174E2742192C17600D78F38 /* Release */ = {
			isa = XCBuildConfiguration;
			buildSettings = {
				ALWAYS_SEARCH_USER_PATHS = NO;
				CLANG_ANALYZER_NONNULL = YES;
				CLANG_ANALYZER_NUMBER_OBJECT_CONVERSION = YES_AGGRESSIVE;
				CLANG_CXX_LANGUAGE_STANDARD = "gnu++14";
				CLANG_CXX_LIBRARY = "libc++";
				CLANG_ENABLE_MODULES = YES;
				CLANG_ENABLE_OBJC_ARC = YES;
				CLANG_ENABLE_OBJC_WEAK = YES;
				CLANG_WARN_BLOCK_CAPTURE_AUTORELEASING = YES;
				CLANG_WARN_BOOL_CONVERSION = YES;
				CLANG_WARN_COMMA = YES;
				CLANG_WARN_CONSTANT_CONVERSION = YES;
				CLANG_WARN_DEPRECATED_OBJC_IMPLEMENTATIONS = YES;
				CLANG_WARN_DIRECT_OBJC_ISA_USAGE = YES_ERROR;
				CLANG_WARN_DOCUMENTATION_COMMENTS = YES;
				CLANG_WARN_EMPTY_BODY = YES;
				CLANG_WARN_ENUM_CONVERSION = YES;
				CLANG_WARN_INFINITE_RECURSION = YES;
				CLANG_WARN_INT_CONVERSION = YES;
				CLANG_WARN_NON_LITERAL_NULL_CONVERSION = YES;
				CLANG_WARN_OBJC_IMPLICIT_RETAIN_SELF = YES;
				CLANG_WARN_OBJC_LITERAL_CONVERSION = YES;
				CLANG_WARN_OBJC_ROOT_CLASS = YES_ERROR;
				CLANG_WARN_RANGE_LOOP_ANALYSIS = YES;
				CLANG_WARN_STRICT_PROTOTYPES = YES;
				CLANG_WARN_SUSPICIOUS_MOVE = YES;
				CLANG_WARN_UNGUARDED_AVAILABILITY = YES_AGGRESSIVE;
				CLANG_WARN_UNREACHABLE_CODE = YES;
				CLANG_WARN__DUPLICATE_METHOD_MATCH = YES;
				CODE_SIGN_IDENTITY = "iPhone Developer";
				COPY_PHASE_STRIP = NO;
				DEBUG_INFORMATION_FORMAT = "dwarf-with-dsym";
				ENABLE_NS_ASSERTIONS = NO;
				ENABLE_STRICT_OBJC_MSGSEND = YES;
				GCC_C_LANGUAGE_STANDARD = gnu11;
				GCC_NO_COMMON_BLOCKS = YES;
				GCC_WARN_64_TO_32_BIT_CONVERSION = YES;
				GCC_WARN_ABOUT_RETURN_TYPE = YES_ERROR;
				GCC_WARN_UNDECLARED_SELECTOR = YES;
				GCC_WARN_UNINITIALIZED_AUTOS = YES_AGGRESSIVE;
				GCC_WARN_UNUSED_FUNCTION = YES;
				GCC_WARN_UNUSED_VARIABLE = YES;
				IPHONEOS_DEPLOYMENT_TARGET = 12.0;
				MTL_ENABLE_DEBUG_INFO = NO;
				MTL_FAST_MATH = YES;
				SDKROOT = iphoneos;
				SWIFT_COMPILATION_MODE = wholemodule;
				SWIFT_OPTIMIZATION_LEVEL = "-O";
				VALIDATE_PRODUCT = YES;
			};
			name = Release;
		};
		1174E2762192C17600D78F38 /* Debug */ = {
			isa = XCBuildConfiguration;
			baseConfigurationReference = C9ABC2D7584B5F49B0245137 /* Pods-weighter.debug.xcconfig */;
			buildSettings = {
				ASSETCATALOG_COMPILER_APPICON_NAME = AppIcon;
				CODE_SIGN_STYLE = Automatic;
				DEVELOPMENT_TEAM = M73SU669F4;
				INFOPLIST_FILE = weighter/Info.plist;
				LD_RUNPATH_SEARCH_PATHS = (
					"$(inherited)",
					"@executable_path/Frameworks",
				);
				PRODUCT_BUNDLE_IDENTIFIER = app.tryme.weighter;
				PRODUCT_NAME = "$(TARGET_NAME)";
				SWIFT_VERSION = 4.2;
				TARGETED_DEVICE_FAMILY = "1,2";
			};
			name = Debug;
		};
		1174E2772192C17600D78F38 /* Release */ = {
			isa = XCBuildConfiguration;
			baseConfigurationReference = 803EA93B8735C24E9BF6A9DC /* Pods-weighter.release.xcconfig */;
			buildSettings = {
				ASSETCATALOG_COMPILER_APPICON_NAME = AppIcon;
				CODE_SIGN_STYLE = Automatic;
				DEVELOPMENT_TEAM = M73SU669F4;
				INFOPLIST_FILE = weighter/Info.plist;
				LD_RUNPATH_SEARCH_PATHS = (
					"$(inherited)",
					"@executable_path/Frameworks",
				);
				PRODUCT_BUNDLE_IDENTIFIER = app.tryme.weighter;
				PRODUCT_NAME = "$(TARGET_NAME)";
				SWIFT_VERSION = 4.2;
				TARGETED_DEVICE_FAMILY = "1,2";
			};
			name = Release;
		};
		1174E2792192C17600D78F38 /* Debug */ = {
			isa = XCBuildConfiguration;
			baseConfigurationReference = 15DB9920934D8DB55C41B11B /* Pods-weighterTests.debug.xcconfig */;
			buildSettings = {
				ALWAYS_EMBED_SWIFT_STANDARD_LIBRARIES = YES;
				BUNDLE_LOADER = "$(TEST_HOST)";
				CODE_SIGN_STYLE = Automatic;
				DEVELOPMENT_TEAM = M73SU669F4;
				INFOPLIST_FILE = weighterTests/Info.plist;
				LD_RUNPATH_SEARCH_PATHS = (
					"$(inherited)",
					"@executable_path/Frameworks",
					"@loader_path/Frameworks",
				);
				PRODUCT_BUNDLE_IDENTIFIER = app.tryme.weighterTests;
				PRODUCT_NAME = "$(TARGET_NAME)";
				SWIFT_VERSION = 4.2;
				TARGETED_DEVICE_FAMILY = "1,2";
				TEST_HOST = "$(BUILT_PRODUCTS_DIR)/weighter.app/weighter";
			};
			name = Debug;
		};
		1174E27A2192C17600D78F38 /* Release */ = {
			isa = XCBuildConfiguration;
			baseConfigurationReference = 160C391E4BD721545EEECF1E /* Pods-weighterTests.release.xcconfig */;
			buildSettings = {
				ALWAYS_EMBED_SWIFT_STANDARD_LIBRARIES = YES;
				BUNDLE_LOADER = "$(TEST_HOST)";
				CODE_SIGN_STYLE = Automatic;
				DEVELOPMENT_TEAM = M73SU669F4;
				INFOPLIST_FILE = weighterTests/Info.plist;
				LD_RUNPATH_SEARCH_PATHS = (
					"$(inherited)",
					"@executable_path/Frameworks",
					"@loader_path/Frameworks",
				);
				PRODUCT_BUNDLE_IDENTIFIER = app.tryme.weighterTests;
				PRODUCT_NAME = "$(TARGET_NAME)";
				SWIFT_VERSION = 4.2;
				TARGETED_DEVICE_FAMILY = "1,2";
				TEST_HOST = "$(BUILT_PRODUCTS_DIR)/weighter.app/weighter";
			};
			name = Release;
		};
		1174E27C2192C17600D78F38 /* Debug */ = {
			isa = XCBuildConfiguration;
			baseConfigurationReference = C0D80C5A7A24DD70B7740D13 /* Pods-weighterUITests.debug.xcconfig */;
			buildSettings = {
				ALWAYS_EMBED_SWIFT_STANDARD_LIBRARIES = YES;
				CODE_SIGN_STYLE = Automatic;
				DEVELOPMENT_TEAM = M73SU669F4;
				INFOPLIST_FILE = weighterUITests/Info.plist;
				LD_RUNPATH_SEARCH_PATHS = (
					"$(inherited)",
					"@executable_path/Frameworks",
					"@loader_path/Frameworks",
				);
				PRODUCT_BUNDLE_IDENTIFIER = app.tryme.weighterUITests;
				PRODUCT_NAME = "$(TARGET_NAME)";
				SWIFT_VERSION = 4.2;
				TARGETED_DEVICE_FAMILY = "1,2";
				TEST_TARGET_NAME = weighter;
			};
			name = Debug;
		};
		1174E27D2192C17600D78F38 /* Release */ = {
			isa = XCBuildConfiguration;
			baseConfigurationReference = AB1E93B43307591D3E46588D /* Pods-weighterUITests.release.xcconfig */;
			buildSettings = {
				ALWAYS_EMBED_SWIFT_STANDARD_LIBRARIES = YES;
				CODE_SIGN_STYLE = Automatic;
				DEVELOPMENT_TEAM = M73SU669F4;
				INFOPLIST_FILE = weighterUITests/Info.plist;
				LD_RUNPATH_SEARCH_PATHS = (
					"$(inherited)",
					"@executable_path/Frameworks",
					"@loader_path/Frameworks",
				);
				PRODUCT_BUNDLE_IDENTIFIER = app.tryme.weighterUITests;
				PRODUCT_NAME = "$(TARGET_NAME)";
				SWIFT_VERSION = 4.2;
				TARGETED_DEVICE_FAMILY = "1,2";
				TEST_TARGET_NAME = weighter;
			};
			name = Release;
		};
/* End XCBuildConfiguration section */

/* Begin XCConfigurationList section */
		1174E2452192C17300D78F38 /* Build configuration list for PBXProject "weighter" */ = {
			isa = XCConfigurationList;
			buildConfigurations = (
				1174E2732192C17600D78F38 /* Debug */,
				1174E2742192C17600D78F38 /* Release */,
			);
			defaultConfigurationIsVisible = 0;
			defaultConfigurationName = Release;
		};
		1174E2752192C17600D78F38 /* Build configuration list for PBXNativeTarget "weighter" */ = {
			isa = XCConfigurationList;
			buildConfigurations = (
				1174E2762192C17600D78F38 /* Debug */,
				1174E2772192C17600D78F38 /* Release */,
			);
			defaultConfigurationIsVisible = 0;
			defaultConfigurationName = Release;
		};
		1174E2782192C17600D78F38 /* Build configuration list for PBXNativeTarget "weighterTests" */ = {
			isa = XCConfigurationList;
			buildConfigurations = (
				1174E2792192C17600D78F38 /* Debug */,
				1174E27A2192C17600D78F38 /* Release */,
			);
			defaultConfigurationIsVisible = 0;
			defaultConfigurationName = Release;
		};
		1174E27B2192C17600D78F38 /* Build configuration list for PBXNativeTarget "weighterUITests" */ = {
			isa = XCConfigurationList;
			buildConfigurations = (
				1174E27C2192C17600D78F38 /* Debug */,
				1174E27D2192C17600D78F38 /* Release */,
			);
			defaultConfigurationIsVisible = 0;
			defaultConfigurationName = Release;
		};
/* End XCConfigurationList section */

/* Begin XCVersionGroup section */
		1174E2542192C17300D78F38 /* weighter.xcdatamodeld */ = {
			isa = XCVersionGroup;
			children = (
				1174E2552192C17300D78F38 /* weighter.xcdatamodel */,
			);
			currentVersion = 1174E2552192C17300D78F38 /* weighter.xcdatamodel */;
			path = weighter.xcdatamodeld;
			sourceTree = "<group>";
			versionGroupType = wrapper.xcdatamodel;
		};
/* End XCVersionGroup section */
	};
	rootObject = 1174E2422192C17300D78F38 /* Project object */;
}
